
Microsoft Visual Studio Solution File, Format Version 12.00
# Visual Studio Version 17
VisualStudioVersion = 17.3.32819.101
MinimumVisualStudioVersion = 10.0.40219.1
Project("{9A19103F-16F7-4668-BE54-9A1E7A4F7556}") = "Geography", "Geography\Geography.csproj", "{FDD48A69-E1E4-4CF8-B13F-7951040A60D3}"
EndProject
Project("{9A19103F-16F7-4668-BE54-9A1E7A4F7556}") = "Geography.Data", "Geography.Data\Geography.Data.csproj", "{D1F104A5-2EFA-47A3-9AA4-482C6D382ECE}"
EndProject
Project("{9A19103F-16F7-4668-BE54-9A1E7A4F7556}") = "Geography.Tests", "Geography.Tests\Geography.Tests.csproj", "{3B5DC6A4-B860-4001-B09A-F86B9DC32FB8}"
EndProject
Project("{2150E333-8FDC-42A3-9474-1A3956D46DE8}") = "Solution Items", "Solution Items", "{F0CB3EF3-B7EF-4EC3-A30E-4798213C6CFF}"
	ProjectSection(SolutionItems) = preProject
		.editorconfig = .editorconfig
	EndProjectSection
EndProject
Global
	GlobalSection(SolutionConfigurationPlatforms) = preSolution
		Debug|Any CPU = Debug|Any CPU
		Release|Any CPU = Release|Any CPU
	EndGlobalSection
	GlobalSection(ProjectConfigurationPlatforms) = postSolution
		{FDD48A69-E1E4-4CF8-B13F-7951040A60D3}.Debug|Any CPU.ActiveCfg = Debug|Any CPU
		{FDD48A69-E1E4-4CF8-B13F-7951040A60D3}.Debug|Any CPU.Build.0 = Debug|Any CPU
		{FDD48A69-E1E4-4CF8-B13F-7951040A60D3}.Release|Any CPU.ActiveCfg = Release|Any CPU
		{FDD48A69-E1E4-4CF8-B13F-7951040A60D3}.Release|Any CPU.Build.0 = Release|Any CPU
		{D1F104A5-2EFA-47A3-9AA4-482C6D382ECE}.Debug|Any CPU.ActiveCfg = Debug|Any CPU
		{D1F104A5-2EFA-47A3-9AA4-482C6D382ECE}.Debug|Any CPU.Build.0 = Debug|Any CPU
		{D1F104A5-2EFA-47A3-9AA4-482C6D382ECE}.Release|Any CPU.ActiveCfg = Release|Any CPU
		{D1F104A5-2EFA-47A3-9AA4-482C6D382ECE}.Release|Any CPU.Build.0 = Release|Any CPU
		{3B5DC6A4-B860-4001-B09A-F86B9DC32FB8}.Debug|Any CPU.ActiveCfg = Debug|Any CPU
		{3B5DC6A4-B860-4001-B09A-F86B9DC32FB8}.Debug|Any CPU.Build.0 = Debug|Any CPU
		{3B5DC6A4-B860-4001-B09A-F86B9DC32FB8}.Release|Any CPU.ActiveCfg = Release|Any CPU
		{3B5DC6A4-B860-4001-B09A-F86B9DC32FB8}.Release|Any CPU.Build.0 = Release|Any CPU
	EndGlobalSection
	GlobalSection(SolutionProperties) = preSolution
		HideSolutionNode = FALSE
	EndGlobalSection
	GlobalSection(ExtensibilityGlobals) = postSolution
		SolutionGuid = {3B641B9A-589E-4713-859E-63E8604A5544}
	EndGlobalSection
EndGlobal
